
Microsoft Visual Studio Solution File, Format Version 12.00
# Visual Studio Version 17
VisualStudioVersion = 17.3.32929.385
MinimumVisualStudioVersion = 10.0.40219.1
Project("{FAE04EC0-301F-11D3-BF4B-00C04F79EFBC}") = "ExamenCSharp_Ejer04_IvanSM", "ExamenCSharp_Ejer04_IvanSM\ExamenCSharp_Ejer04_IvanSM.csproj", "{B591E8C4-BCBC-4BCF-96D7-F28B6F0F7B52}"
EndProject
Global
	GlobalSection(SolutionConfigurationPlatforms) = preSolution
		Debug|Any CPU = Debug|Any CPU
		Release|Any CPU = Release|Any CPU
	EndGlobalSection
	GlobalSection(ProjectConfigurationPlatforms) = postSolution
		{B591E8C4-BCBC-4BCF-96D7-F28B6F0F7B52}.Debug|Any CPU.ActiveCfg = Debug|Any CPU
		{B591E8C4-BCBC-4BCF-96D7-F28B6F0F7B52}.Debug|Any CPU.Build.0 = Debug|Any CPU
		{B591E8C4-BCBC-4BCF-96D7-F28B6F0F7B52}.Release|Any CPU.ActiveCfg = Release|Any CPU
		{B591E8C4-BCBC-4BCF-96D7-F28B6F0F7B52}.Release|Any CPU.Build.0 = Release|Any CPU
	EndGlobalSection
	GlobalSection(SolutionProperties) = preSolution
		HideSolutionNode = FALSE
	EndGlobalSection
	GlobalSection(ExtensibilityGlobals) = postSolution
		SolutionGuid = {852583FF-CECB-4BA1-BE0E-7426663BB2E6}
	EndGlobalSection
EndGlobal
