
Microsoft Visual Studio Solution File, Format Version 12.00
# Visual Studio Version 17
VisualStudioVersion = 17.4.33110.190
MinimumVisualStudioVersion = 10.0.40219.1
Project("{FAE04EC0-301F-11D3-BF4B-00C04F79EFBC}") = "Ejercicio02_IvanSM", "Ejercicio02_IvanSM\Ejercicio02_IvanSM.csproj", "{45A0BA8F-F1D2-4549-8F35-E3D01F8DC1C8}"
EndProject
Global
	GlobalSection(SolutionConfigurationPlatforms) = preSolution
		Debug|Any CPU = Debug|Any CPU
		Release|Any CPU = Release|Any CPU
	EndGlobalSection
	GlobalSection(ProjectConfigurationPlatforms) = postSolution
		{45A0BA8F-F1D2-4549-8F35-E3D01F8DC1C8}.Debug|Any CPU.ActiveCfg = Debug|Any CPU
		{45A0BA8F-F1D2-4549-8F35-E3D01F8DC1C8}.Debug|Any CPU.Build.0 = Debug|Any CPU
		{45A0BA8F-F1D2-4549-8F35-E3D01F8DC1C8}.Release|Any CPU.ActiveCfg = Release|Any CPU
		{45A0BA8F-F1D2-4549-8F35-E3D01F8DC1C8}.Release|Any CPU.Build.0 = Release|Any CPU
	EndGlobalSection
	GlobalSection(SolutionProperties) = preSolution
		HideSolutionNode = FALSE
	EndGlobalSection
	GlobalSection(ExtensibilityGlobals) = postSolution
		SolutionGuid = {4BE0212B-CD9C-4F41-864A-B97979DC4892}
	EndGlobalSection
EndGlobal
