
Microsoft Visual Studio Solution File, Format Version 12.00
# Visual Studio Version 17
VisualStudioVersion = 17.4.33110.190
MinimumVisualStudioVersion = 10.0.40219.1
Project("{FAE04EC0-301F-11D3-BF4B-00C04F79EFBC}") = "Ejercicio03_IvanSM", "Ejercicio03_IvanSM\Ejercicio03_IvanSM.csproj", "{23BC790F-DAAD-4F3F-82E1-6A6814219961}"
EndProject
Global
	GlobalSection(SolutionConfigurationPlatforms) = preSolution
		Debug|Any CPU = Debug|Any CPU
		Release|Any CPU = Release|Any CPU
	EndGlobalSection
	GlobalSection(ProjectConfigurationPlatforms) = postSolution
		{23BC790F-DAAD-4F3F-82E1-6A6814219961}.Debug|Any CPU.ActiveCfg = Debug|Any CPU
		{23BC790F-DAAD-4F3F-82E1-6A6814219961}.Debug|Any CPU.Build.0 = Debug|Any CPU
		{23BC790F-DAAD-4F3F-82E1-6A6814219961}.Release|Any CPU.ActiveCfg = Release|Any CPU
		{23BC790F-DAAD-4F3F-82E1-6A6814219961}.Release|Any CPU.Build.0 = Release|Any CPU
	EndGlobalSection
	GlobalSection(SolutionProperties) = preSolution
		HideSolutionNode = FALSE
	EndGlobalSection
	GlobalSection(ExtensibilityGlobals) = postSolution
		SolutionGuid = {661EAE0B-8D82-4D4B-A88C-FAA47A9F88AF}
	EndGlobalSection
EndGlobal
