
Microsoft Visual Studio Solution File, Format Version 12.00
# Visual Studio Version 17
VisualStudioVersion = 17.3.32929.385
MinimumVisualStudioVersion = 10.0.40219.1
Project("{FAE04EC0-301F-11D3-BF4B-00C04F79EFBC}") = "Bateria03Practica01_ISM", "Bateria03Practica01_ISM\Bateria03Practica01_ISM.csproj", "{2EB7B045-34E9-469D-A407-A2DC0EB33959}"
EndProject
Global
	GlobalSection(SolutionConfigurationPlatforms) = preSolution
		Debug|Any CPU = Debug|Any CPU
		Release|Any CPU = Release|Any CPU
	EndGlobalSection
	GlobalSection(ProjectConfigurationPlatforms) = postSolution
		{2EB7B045-34E9-469D-A407-A2DC0EB33959}.Debug|Any CPU.ActiveCfg = Debug|Any CPU
		{2EB7B045-34E9-469D-A407-A2DC0EB33959}.Debug|Any CPU.Build.0 = Debug|Any CPU
		{2EB7B045-34E9-469D-A407-A2DC0EB33959}.Release|Any CPU.ActiveCfg = Release|Any CPU
		{2EB7B045-34E9-469D-A407-A2DC0EB33959}.Release|Any CPU.Build.0 = Release|Any CPU
	EndGlobalSection
	GlobalSection(SolutionProperties) = preSolution
		HideSolutionNode = FALSE
	EndGlobalSection
	GlobalSection(ExtensibilityGlobals) = postSolution
		SolutionGuid = {DA126859-1CCE-4BA2-95D0-32B718C957B6}
	EndGlobalSection
EndGlobal
