
Microsoft Visual Studio Solution File, Format Version 12.00
# Visual Studio Version 17
VisualStudioVersion = 17.4.33110.190
MinimumVisualStudioVersion = 10.0.40219.1
Project("{FAE04EC0-301F-11D3-BF4B-00C04F79EFBC}") = "ExamenCSharp_Ejer01_IvanSM", "ExamenCSharp_Ejer01_IvanSM\ExamenCSharp_Ejer01_IvanSM.csproj", "{257B4367-52A0-4C5F-939B-864080B4556C}"
EndProject
Global
	GlobalSection(SolutionConfigurationPlatforms) = preSolution
		Debug|Any CPU = Debug|Any CPU
		Release|Any CPU = Release|Any CPU
	EndGlobalSection
	GlobalSection(ProjectConfigurationPlatforms) = postSolution
		{257B4367-52A0-4C5F-939B-864080B4556C}.Debug|Any CPU.ActiveCfg = Debug|Any CPU
		{257B4367-52A0-4C5F-939B-864080B4556C}.Debug|Any CPU.Build.0 = Debug|Any CPU
		{257B4367-52A0-4C5F-939B-864080B4556C}.Release|Any CPU.ActiveCfg = Release|Any CPU
		{257B4367-52A0-4C5F-939B-864080B4556C}.Release|Any CPU.Build.0 = Release|Any CPU
	EndGlobalSection
	GlobalSection(SolutionProperties) = preSolution
		HideSolutionNode = FALSE
	EndGlobalSection
	GlobalSection(ExtensibilityGlobals) = postSolution
		SolutionGuid = {743A0110-0968-436C-A8B8-79CFF030FA67}
	EndGlobalSection
EndGlobal
