
Microsoft Visual Studio Solution File, Format Version 12.00
# Visual Studio Version 17
VisualStudioVersion = 17.4.33213.308
MinimumVisualStudioVersion = 10.0.40219.1
Project("{FAE04EC0-301F-11D3-BF4B-00C04F79EFBC}") = "Ejercicio02_IvanSM", "Ejercicio02_IvanSM\Ejercicio02_IvanSM.csproj", "{3826B259-24FE-4D64-A0A9-76084BE7279B}"
EndProject
Global
	GlobalSection(SolutionConfigurationPlatforms) = preSolution
		Debug|Any CPU = Debug|Any CPU
		Release|Any CPU = Release|Any CPU
	EndGlobalSection
	GlobalSection(ProjectConfigurationPlatforms) = postSolution
		{3826B259-24FE-4D64-A0A9-76084BE7279B}.Debug|Any CPU.ActiveCfg = Debug|Any CPU
		{3826B259-24FE-4D64-A0A9-76084BE7279B}.Debug|Any CPU.Build.0 = Debug|Any CPU
		{3826B259-24FE-4D64-A0A9-76084BE7279B}.Release|Any CPU.ActiveCfg = Release|Any CPU
		{3826B259-24FE-4D64-A0A9-76084BE7279B}.Release|Any CPU.Build.0 = Release|Any CPU
	EndGlobalSection
	GlobalSection(SolutionProperties) = preSolution
		HideSolutionNode = FALSE
	EndGlobalSection
	GlobalSection(ExtensibilityGlobals) = postSolution
		SolutionGuid = {B0B16938-A4C8-4FAC-B3D3-28989F8ED081}
	EndGlobalSection
EndGlobal
