
Microsoft Visual Studio Solution File, Format Version 12.00
# Visual Studio Version 17
VisualStudioVersion = 17.4.33110.190
MinimumVisualStudioVersion = 10.0.40219.1
Project("{FAE04EC0-301F-11D3-BF4B-00C04F79EFBC}") = "Ejercicio03_IvanSM", "Ejercicio03_IvanSM\Ejercicio03_IvanSM.csproj", "{5CC5C5DE-4F5D-40EC-A2FA-1401F5293FA6}"
EndProject
Global
	GlobalSection(SolutionConfigurationPlatforms) = preSolution
		Debug|Any CPU = Debug|Any CPU
		Release|Any CPU = Release|Any CPU
	EndGlobalSection
	GlobalSection(ProjectConfigurationPlatforms) = postSolution
		{5CC5C5DE-4F5D-40EC-A2FA-1401F5293FA6}.Debug|Any CPU.ActiveCfg = Debug|Any CPU
		{5CC5C5DE-4F5D-40EC-A2FA-1401F5293FA6}.Debug|Any CPU.Build.0 = Debug|Any CPU
		{5CC5C5DE-4F5D-40EC-A2FA-1401F5293FA6}.Release|Any CPU.ActiveCfg = Release|Any CPU
		{5CC5C5DE-4F5D-40EC-A2FA-1401F5293FA6}.Release|Any CPU.Build.0 = Release|Any CPU
	EndGlobalSection
	GlobalSection(SolutionProperties) = preSolution
		HideSolutionNode = FALSE
	EndGlobalSection
	GlobalSection(ExtensibilityGlobals) = postSolution
		SolutionGuid = {4C9B0967-D7A5-437F-BD0B-9707A16A1F15}
	EndGlobalSection
EndGlobal
