
Microsoft Visual Studio Solution File, Format Version 12.00
# Visual Studio Version 17
VisualStudioVersion = 17.4.33213.308
MinimumVisualStudioVersion = 10.0.40219.1
Project("{FAE04EC0-301F-11D3-BF4B-00C04F79EFBC}") = "WPF_Practica_IvanSM", "WPF_Practica_IvanSM\WPF_Practica_IvanSM.csproj", "{A67F661F-816E-4020-A4E9-862FDF99757E}"
EndProject
Global
	GlobalSection(SolutionConfigurationPlatforms) = preSolution
		Debug|Any CPU = Debug|Any CPU
		Release|Any CPU = Release|Any CPU
	EndGlobalSection
	GlobalSection(ProjectConfigurationPlatforms) = postSolution
		{A67F661F-816E-4020-A4E9-862FDF99757E}.Debug|Any CPU.ActiveCfg = Debug|Any CPU
		{A67F661F-816E-4020-A4E9-862FDF99757E}.Debug|Any CPU.Build.0 = Debug|Any CPU
		{A67F661F-816E-4020-A4E9-862FDF99757E}.Release|Any CPU.ActiveCfg = Release|Any CPU
		{A67F661F-816E-4020-A4E9-862FDF99757E}.Release|Any CPU.Build.0 = Release|Any CPU
	EndGlobalSection
	GlobalSection(SolutionProperties) = preSolution
		HideSolutionNode = FALSE
	EndGlobalSection
	GlobalSection(ExtensibilityGlobals) = postSolution
		SolutionGuid = {4A73DDFB-3357-46BF-885B-3F5175DDADA6}
	EndGlobalSection
EndGlobal
