
Microsoft Visual Studio Solution File, Format Version 12.00
# Visual Studio Version 17
VisualStudioVersion = 17.3.32929.385
MinimumVisualStudioVersion = 10.0.40219.1
Project("{FAE04EC0-301F-11D3-BF4B-00C04F79EFBC}") = "Bateria03Practica07_ISM", "Bateria03Practica07_ISM\Bateria03Practica07_ISM.csproj", "{C21F509F-3ABC-4E9E-9962-17B0A5280769}"
EndProject
Global
	GlobalSection(SolutionConfigurationPlatforms) = preSolution
		Debug|Any CPU = Debug|Any CPU
		Release|Any CPU = Release|Any CPU
	EndGlobalSection
	GlobalSection(ProjectConfigurationPlatforms) = postSolution
		{C21F509F-3ABC-4E9E-9962-17B0A5280769}.Debug|Any CPU.ActiveCfg = Debug|Any CPU
		{C21F509F-3ABC-4E9E-9962-17B0A5280769}.Debug|Any CPU.Build.0 = Debug|Any CPU
		{C21F509F-3ABC-4E9E-9962-17B0A5280769}.Release|Any CPU.ActiveCfg = Release|Any CPU
		{C21F509F-3ABC-4E9E-9962-17B0A5280769}.Release|Any CPU.Build.0 = Release|Any CPU
	EndGlobalSection
	GlobalSection(SolutionProperties) = preSolution
		HideSolutionNode = FALSE
	EndGlobalSection
	GlobalSection(ExtensibilityGlobals) = postSolution
		SolutionGuid = {CF3C4985-383B-4C4C-95C4-59498943057E}
	EndGlobalSection
EndGlobal
