
Microsoft Visual Studio Solution File, Format Version 12.00
# Visual Studio Version 17
VisualStudioVersion = 17.3.32929.385
MinimumVisualStudioVersion = 10.0.40219.1
Project("{FAE04EC0-301F-11D3-BF4B-00C04F79EFBC}") = "Bateria02Practica02_ISM", "Bateria02Practica02_ISM\Bateria02Practica02_ISM.csproj", "{1F9BE1FD-71F3-46EE-91D1-740565594645}"
EndProject
Global
	GlobalSection(SolutionConfigurationPlatforms) = preSolution
		Debug|Any CPU = Debug|Any CPU
		Release|Any CPU = Release|Any CPU
	EndGlobalSection
	GlobalSection(ProjectConfigurationPlatforms) = postSolution
		{1F9BE1FD-71F3-46EE-91D1-740565594645}.Debug|Any CPU.ActiveCfg = Debug|Any CPU
		{1F9BE1FD-71F3-46EE-91D1-740565594645}.Debug|Any CPU.Build.0 = Debug|Any CPU
		{1F9BE1FD-71F3-46EE-91D1-740565594645}.Release|Any CPU.ActiveCfg = Release|Any CPU
		{1F9BE1FD-71F3-46EE-91D1-740565594645}.Release|Any CPU.Build.0 = Release|Any CPU
	EndGlobalSection
	GlobalSection(SolutionProperties) = preSolution
		HideSolutionNode = FALSE
	EndGlobalSection
	GlobalSection(ExtensibilityGlobals) = postSolution
		SolutionGuid = {9C84B0C3-190E-41EC-905B-61CE244162D7}
	EndGlobalSection
EndGlobal
