
Microsoft Visual Studio Solution File, Format Version 12.00
# Visual Studio Version 17
VisualStudioVersion = 17.3.32929.385
MinimumVisualStudioVersion = 10.0.40219.1
Project("{FAE04EC0-301F-11D3-BF4B-00C04F79EFBC}") = "Bateria03Practica04_ISM", "Bateria03Practica04_ISM\Bateria03Practica04_ISM.csproj", "{A6176C3F-2833-4081-927C-546113933C49}"
EndProject
Global
	GlobalSection(SolutionConfigurationPlatforms) = preSolution
		Debug|Any CPU = Debug|Any CPU
		Release|Any CPU = Release|Any CPU
	EndGlobalSection
	GlobalSection(ProjectConfigurationPlatforms) = postSolution
		{A6176C3F-2833-4081-927C-546113933C49}.Debug|Any CPU.ActiveCfg = Debug|Any CPU
		{A6176C3F-2833-4081-927C-546113933C49}.Debug|Any CPU.Build.0 = Debug|Any CPU
		{A6176C3F-2833-4081-927C-546113933C49}.Release|Any CPU.ActiveCfg = Release|Any CPU
		{A6176C3F-2833-4081-927C-546113933C49}.Release|Any CPU.Build.0 = Release|Any CPU
	EndGlobalSection
	GlobalSection(SolutionProperties) = preSolution
		HideSolutionNode = FALSE
	EndGlobalSection
	GlobalSection(ExtensibilityGlobals) = postSolution
		SolutionGuid = {1EFCB6B8-2AEA-4A4F-9E11-166D2D25C83B}
	EndGlobalSection
EndGlobal
