
Microsoft Visual Studio Solution File, Format Version 12.00
# Visual Studio Version 17
VisualStudioVersion = 17.3.32929.385
MinimumVisualStudioVersion = 10.0.40219.1
Project("{FAE04EC0-301F-11D3-BF4B-00C04F79EFBC}") = "Bateria01Practica03_ISM", "Bateria01Practica03_ISM\Bateria01Practica03_ISM.csproj", "{732C44E8-EB32-4423-B502-DFD3D13BA58C}"
EndProject
Global
	GlobalSection(SolutionConfigurationPlatforms) = preSolution
		Debug|Any CPU = Debug|Any CPU
		Release|Any CPU = Release|Any CPU
	EndGlobalSection
	GlobalSection(ProjectConfigurationPlatforms) = postSolution
		{732C44E8-EB32-4423-B502-DFD3D13BA58C}.Debug|Any CPU.ActiveCfg = Debug|Any CPU
		{732C44E8-EB32-4423-B502-DFD3D13BA58C}.Debug|Any CPU.Build.0 = Debug|Any CPU
		{732C44E8-EB32-4423-B502-DFD3D13BA58C}.Release|Any CPU.ActiveCfg = Release|Any CPU
		{732C44E8-EB32-4423-B502-DFD3D13BA58C}.Release|Any CPU.Build.0 = Release|Any CPU
	EndGlobalSection
	GlobalSection(SolutionProperties) = preSolution
		HideSolutionNode = FALSE
	EndGlobalSection
	GlobalSection(ExtensibilityGlobals) = postSolution
		SolutionGuid = {11276EEC-3E27-4815-AD59-B7AA69EC6C11}
	EndGlobalSection
EndGlobal
