
Microsoft Visual Studio Solution File, Format Version 12.00
# Visual Studio Version 17
VisualStudioVersion = 17.4.33110.190
MinimumVisualStudioVersion = 10.0.40219.1
Project("{FAE04EC0-301F-11D3-BF4B-00C04F79EFBC}") = "Ejercicio01_IvanSM", "Ejercicio01_IvanSM\Ejercicio01_IvanSM.csproj", "{8A166E65-861F-4495-9611-FF4942DA71A3}"
EndProject
Global
	GlobalSection(SolutionConfigurationPlatforms) = preSolution
		Debug|Any CPU = Debug|Any CPU
		Release|Any CPU = Release|Any CPU
	EndGlobalSection
	GlobalSection(ProjectConfigurationPlatforms) = postSolution
		{8A166E65-861F-4495-9611-FF4942DA71A3}.Debug|Any CPU.ActiveCfg = Debug|Any CPU
		{8A166E65-861F-4495-9611-FF4942DA71A3}.Debug|Any CPU.Build.0 = Debug|Any CPU
		{8A166E65-861F-4495-9611-FF4942DA71A3}.Release|Any CPU.ActiveCfg = Release|Any CPU
		{8A166E65-861F-4495-9611-FF4942DA71A3}.Release|Any CPU.Build.0 = Release|Any CPU
	EndGlobalSection
	GlobalSection(SolutionProperties) = preSolution
		HideSolutionNode = FALSE
	EndGlobalSection
	GlobalSection(ExtensibilityGlobals) = postSolution
		SolutionGuid = {00617858-D123-466E-8F43-4EA765865DBD}
	EndGlobalSection
EndGlobal
