
Microsoft Visual Studio Solution File, Format Version 12.00
# Visual Studio Version 17
VisualStudioVersion = 17.4.33110.190
MinimumVisualStudioVersion = 10.0.40219.1
Project("{FAE04EC0-301F-11D3-BF4B-00C04F79EFBC}") = "Ejercicio02_IvanSM", "Ejercicio02_IvanSM\Ejercicio02_IvanSM.csproj", "{C5F7CFFC-D5D9-4D04-BA68-0121A8A30A0C}"
EndProject
Global
	GlobalSection(SolutionConfigurationPlatforms) = preSolution
		Debug|Any CPU = Debug|Any CPU
		Release|Any CPU = Release|Any CPU
	EndGlobalSection
	GlobalSection(ProjectConfigurationPlatforms) = postSolution
		{C5F7CFFC-D5D9-4D04-BA68-0121A8A30A0C}.Debug|Any CPU.ActiveCfg = Debug|Any CPU
		{C5F7CFFC-D5D9-4D04-BA68-0121A8A30A0C}.Debug|Any CPU.Build.0 = Debug|Any CPU
		{C5F7CFFC-D5D9-4D04-BA68-0121A8A30A0C}.Release|Any CPU.ActiveCfg = Release|Any CPU
		{C5F7CFFC-D5D9-4D04-BA68-0121A8A30A0C}.Release|Any CPU.Build.0 = Release|Any CPU
	EndGlobalSection
	GlobalSection(SolutionProperties) = preSolution
		HideSolutionNode = FALSE
	EndGlobalSection
	GlobalSection(ExtensibilityGlobals) = postSolution
		SolutionGuid = {9E9269F8-73F3-4179-8DEF-947889B2FD4B}
	EndGlobalSection
EndGlobal
