
Microsoft Visual Studio Solution File, Format Version 12.00
# Visual Studio Version 17
VisualStudioVersion = 17.4.33110.190
MinimumVisualStudioVersion = 10.0.40219.1
Project("{FAE04EC0-301F-11D3-BF4B-00C04F79EFBC}") = "Ejercicio04_IvanSM", "Ejercicio04_IvanSM\Ejercicio04_IvanSM.csproj", "{98DDC3A5-AE44-459D-BCD7-AD807B84832E}"
EndProject
Global
	GlobalSection(SolutionConfigurationPlatforms) = preSolution
		Debug|Any CPU = Debug|Any CPU
		Release|Any CPU = Release|Any CPU
	EndGlobalSection
	GlobalSection(ProjectConfigurationPlatforms) = postSolution
		{98DDC3A5-AE44-459D-BCD7-AD807B84832E}.Debug|Any CPU.ActiveCfg = Debug|Any CPU
		{98DDC3A5-AE44-459D-BCD7-AD807B84832E}.Debug|Any CPU.Build.0 = Debug|Any CPU
		{98DDC3A5-AE44-459D-BCD7-AD807B84832E}.Release|Any CPU.ActiveCfg = Release|Any CPU
		{98DDC3A5-AE44-459D-BCD7-AD807B84832E}.Release|Any CPU.Build.0 = Release|Any CPU
	EndGlobalSection
	GlobalSection(SolutionProperties) = preSolution
		HideSolutionNode = FALSE
	EndGlobalSection
	GlobalSection(ExtensibilityGlobals) = postSolution
		SolutionGuid = {DFB18531-AA25-4D63-9EC4-A709CF04100C}
	EndGlobalSection
EndGlobal
