
Microsoft Visual Studio Solution File, Format Version 12.00
# Visual Studio Version 17
VisualStudioVersion = 17.4.33213.308
MinimumVisualStudioVersion = 10.0.40219.1
Project("{9A19103F-16F7-4668-BE54-9A1E7A4F7556}") = "T01_ListBox_IvanSM", "T01_ListBox_IvanSM\T01_ListBox_IvanSM.csproj", "{991E3D1C-96BB-4A60-9C73-07354A115834}"
EndProject
Project("{FAE04EC0-301F-11D3-BF4B-00C04F79EFBC}") = "T03_SeleccionarTarea", "T03_SeleccionarTarea\T03_SeleccionarTarea.csproj", "{07E67C6C-0E19-4602-9B46-43E1F11A59A7}"
EndProject
Project("{FAE04EC0-301F-11D3-BF4B-00C04F79EFBC}") = "T02_ProgressBar_IvanSM", "T02_ProgressBar_IvanSM\T02_ProgressBar_IvanSM.csproj", "{A2F90522-5A0C-4AB0-942A-E2EF249380F8}"
EndProject
Project("{FAE04EC0-301F-11D3-BF4B-00C04F79EFBC}") = "T04_ComboBox_IvanSM", "T04_ComboBox_IvanSM\T04_ComboBox_IvanSM.csproj", "{2A1705C6-0D2C-4944-A1FC-DFA54A3E2437}"
EndProject
Global
	GlobalSection(SolutionConfigurationPlatforms) = preSolution
		Debug|Any CPU = Debug|Any CPU
		Release|Any CPU = Release|Any CPU
	EndGlobalSection
	GlobalSection(ProjectConfigurationPlatforms) = postSolution
		{991E3D1C-96BB-4A60-9C73-07354A115834}.Debug|Any CPU.ActiveCfg = Debug|Any CPU
		{991E3D1C-96BB-4A60-9C73-07354A115834}.Debug|Any CPU.Build.0 = Debug|Any CPU
		{991E3D1C-96BB-4A60-9C73-07354A115834}.Release|Any CPU.ActiveCfg = Release|Any CPU
		{991E3D1C-96BB-4A60-9C73-07354A115834}.Release|Any CPU.Build.0 = Release|Any CPU
		{07E67C6C-0E19-4602-9B46-43E1F11A59A7}.Debug|Any CPU.ActiveCfg = Debug|Any CPU
		{07E67C6C-0E19-4602-9B46-43E1F11A59A7}.Debug|Any CPU.Build.0 = Debug|Any CPU
		{07E67C6C-0E19-4602-9B46-43E1F11A59A7}.Release|Any CPU.ActiveCfg = Release|Any CPU
		{07E67C6C-0E19-4602-9B46-43E1F11A59A7}.Release|Any CPU.Build.0 = Release|Any CPU
		{A2F90522-5A0C-4AB0-942A-E2EF249380F8}.Debug|Any CPU.ActiveCfg = Debug|Any CPU
		{A2F90522-5A0C-4AB0-942A-E2EF249380F8}.Debug|Any CPU.Build.0 = Debug|Any CPU
		{A2F90522-5A0C-4AB0-942A-E2EF249380F8}.Release|Any CPU.ActiveCfg = Release|Any CPU
		{A2F90522-5A0C-4AB0-942A-E2EF249380F8}.Release|Any CPU.Build.0 = Release|Any CPU
		{2A1705C6-0D2C-4944-A1FC-DFA54A3E2437}.Debug|Any CPU.ActiveCfg = Debug|Any CPU
		{2A1705C6-0D2C-4944-A1FC-DFA54A3E2437}.Debug|Any CPU.Build.0 = Debug|Any CPU
		{2A1705C6-0D2C-4944-A1FC-DFA54A3E2437}.Release|Any CPU.ActiveCfg = Release|Any CPU
		{2A1705C6-0D2C-4944-A1FC-DFA54A3E2437}.Release|Any CPU.Build.0 = Release|Any CPU
	EndGlobalSection
	GlobalSection(SolutionProperties) = preSolution
		HideSolutionNode = FALSE
	EndGlobalSection
	GlobalSection(ExtensibilityGlobals) = postSolution
		SolutionGuid = {31F4BEA4-3D7A-4CB0-810B-321A37CB0540}
	EndGlobalSection
EndGlobal
