
Microsoft Visual Studio Solution File, Format Version 12.00
# Visual Studio Version 17
VisualStudioVersion = 17.4.33213.308
MinimumVisualStudioVersion = 10.0.40219.1
Project("{FAE04EC0-301F-11D3-BF4B-00C04F79EFBC}") = "Ejercicio01_IvanSM", "Ejercicio01_IvanSM\Ejercicio01_IvanSM.csproj", "{6E985AC3-AAAE-4CAD-84B5-16CB007DF9BB}"
EndProject
Global
	GlobalSection(SolutionConfigurationPlatforms) = preSolution
		Debug|Any CPU = Debug|Any CPU
		Release|Any CPU = Release|Any CPU
	EndGlobalSection
	GlobalSection(ProjectConfigurationPlatforms) = postSolution
		{6E985AC3-AAAE-4CAD-84B5-16CB007DF9BB}.Debug|Any CPU.ActiveCfg = Debug|Any CPU
		{6E985AC3-AAAE-4CAD-84B5-16CB007DF9BB}.Debug|Any CPU.Build.0 = Debug|Any CPU
		{6E985AC3-AAAE-4CAD-84B5-16CB007DF9BB}.Release|Any CPU.ActiveCfg = Release|Any CPU
		{6E985AC3-AAAE-4CAD-84B5-16CB007DF9BB}.Release|Any CPU.Build.0 = Release|Any CPU
	EndGlobalSection
	GlobalSection(SolutionProperties) = preSolution
		HideSolutionNode = FALSE
	EndGlobalSection
	GlobalSection(ExtensibilityGlobals) = postSolution
		SolutionGuid = {A721041E-5E7E-4B1C-9EC2-C5FE591A7AD7}
	EndGlobalSection
EndGlobal
