
Microsoft Visual Studio Solution File, Format Version 12.00
# Visual Studio Version 17
VisualStudioVersion = 17.4.33213.308
MinimumVisualStudioVersion = 10.0.40219.1
Project("{FAE04EC0-301F-11D3-BF4B-00C04F79EFBC}") = "Ejercicio04_IvanSM", "Ejercicio04_IvanSM\Ejercicio04_IvanSM.csproj", "{FF07F4C2-1003-4487-B833-D02654A3115C}"
EndProject
Global
	GlobalSection(SolutionConfigurationPlatforms) = preSolution
		Debug|Any CPU = Debug|Any CPU
		Release|Any CPU = Release|Any CPU
	EndGlobalSection
	GlobalSection(ProjectConfigurationPlatforms) = postSolution
		{FF07F4C2-1003-4487-B833-D02654A3115C}.Debug|Any CPU.ActiveCfg = Debug|Any CPU
		{FF07F4C2-1003-4487-B833-D02654A3115C}.Debug|Any CPU.Build.0 = Debug|Any CPU
		{FF07F4C2-1003-4487-B833-D02654A3115C}.Release|Any CPU.ActiveCfg = Release|Any CPU
		{FF07F4C2-1003-4487-B833-D02654A3115C}.Release|Any CPU.Build.0 = Release|Any CPU
	EndGlobalSection
	GlobalSection(SolutionProperties) = preSolution
		HideSolutionNode = FALSE
	EndGlobalSection
	GlobalSection(ExtensibilityGlobals) = postSolution
		SolutionGuid = {4A87328E-0902-4163-9438-3ED9FC6D9343}
	EndGlobalSection
EndGlobal
