
Microsoft Visual Studio Solution File, Format Version 12.00
# Visual Studio Version 17
VisualStudioVersion = 17.3.32929.385
MinimumVisualStudioVersion = 10.0.40219.1
Project("{FAE04EC0-301F-11D3-BF4B-00C04F79EFBC}") = "Bateria02Practica07_ISM", "Bateria02Practica07_ISM\Bateria02Practica07_ISM.csproj", "{16806970-768C-4C93-A828-CF78BA52C931}"
EndProject
Global
	GlobalSection(SolutionConfigurationPlatforms) = preSolution
		Debug|Any CPU = Debug|Any CPU
		Release|Any CPU = Release|Any CPU
	EndGlobalSection
	GlobalSection(ProjectConfigurationPlatforms) = postSolution
		{16806970-768C-4C93-A828-CF78BA52C931}.Debug|Any CPU.ActiveCfg = Debug|Any CPU
		{16806970-768C-4C93-A828-CF78BA52C931}.Debug|Any CPU.Build.0 = Debug|Any CPU
		{16806970-768C-4C93-A828-CF78BA52C931}.Release|Any CPU.ActiveCfg = Release|Any CPU
		{16806970-768C-4C93-A828-CF78BA52C931}.Release|Any CPU.Build.0 = Release|Any CPU
	EndGlobalSection
	GlobalSection(SolutionProperties) = preSolution
		HideSolutionNode = FALSE
	EndGlobalSection
	GlobalSection(ExtensibilityGlobals) = postSolution
		SolutionGuid = {DB822AE9-4B24-4275-844D-2EDDDA5B3C48}
	EndGlobalSection
EndGlobal
