
Microsoft Visual Studio Solution File, Format Version 12.00
# Visual Studio Version 17
VisualStudioVersion = 17.3.32929.385
MinimumVisualStudioVersion = 10.0.40219.1
Project("{FAE04EC0-301F-11D3-BF4B-00C04F79EFBC}") = "Bateria02Practica04_ISM", "Bateria02Practica04_ISM\Bateria02Practica04_ISM.csproj", "{C33BD885-2CDA-4067-890A-E5A4EFB08A77}"
EndProject
Global
	GlobalSection(SolutionConfigurationPlatforms) = preSolution
		Debug|Any CPU = Debug|Any CPU
		Release|Any CPU = Release|Any CPU
	EndGlobalSection
	GlobalSection(ProjectConfigurationPlatforms) = postSolution
		{C33BD885-2CDA-4067-890A-E5A4EFB08A77}.Debug|Any CPU.ActiveCfg = Debug|Any CPU
		{C33BD885-2CDA-4067-890A-E5A4EFB08A77}.Debug|Any CPU.Build.0 = Debug|Any CPU
		{C33BD885-2CDA-4067-890A-E5A4EFB08A77}.Release|Any CPU.ActiveCfg = Release|Any CPU
		{C33BD885-2CDA-4067-890A-E5A4EFB08A77}.Release|Any CPU.Build.0 = Release|Any CPU
	EndGlobalSection
	GlobalSection(SolutionProperties) = preSolution
		HideSolutionNode = FALSE
	EndGlobalSection
	GlobalSection(ExtensibilityGlobals) = postSolution
		SolutionGuid = {A4FB425A-9CE4-4358-A8BC-65134D9BA3D3}
	EndGlobalSection
EndGlobal
